
Microsoft Visual Studio Solution File, Format Version 12.00
# Visual Studio Version 17
VisualStudioVersion = 17.14.36408.4 d17.14
MinimumVisualStudioVersion = 10.0.40219.1
Project("{FAE04EC0-301F-11D3-BF4B-00C04F79EFBC}") = "InternetProg", "InternetProg.csproj", "{35A66F72-CA76-4C52-A97B-23E79CDD4BB0}"
EndProject
Global
	GlobalSection(SolutionConfigurationPlatforms) = preSolution
		Debug|Any CPU = Debug|Any CPU
		Release|Any CPU = Release|Any CPU
	EndGlobalSection
	GlobalSection(ProjectConfigurationPlatforms) = postSolution
		{35A66F72-CA76-4C52-A97B-23E79CDD4BB0}.Debug|Any CPU.ActiveCfg = Debug|Any CPU
		{35A66F72-CA76-4C52-A97B-23E79CDD4BB0}.Debug|Any CPU.Build.0 = Debug|Any CPU
		{35A66F72-CA76-4C52-A97B-23E79CDD4BB0}.Release|Any CPU.ActiveCfg = Release|Any CPU
		{35A66F72-CA76-4C52-A97B-23E79CDD4BB0}.Release|Any CPU.Build.0 = Release|Any CPU
	EndGlobalSection
	GlobalSection(SolutionProperties) = preSolution
		HideSolutionNode = FALSE
	EndGlobalSection
	GlobalSection(ExtensibilityGlobals) = postSolution
		SolutionGuid = {131E26F9-EC3A-4111-A264-2444243395FA}
	EndGlobalSection
EndGlobal
